
Microsoft Visual Studio Solution File, Format Version 12.00
Project("{FAE04EC0-301F-11D3-BF4B-00C04F79EFBC}") = "Server", "Server\Server.csproj", "{C1187369-418A-48FD-ABA4-8F8B537D60A8}"
EndProject
Project("{2150E333-8FDC-42A3-9474-1A3956D46DE8}") = "Common", "Common", "{8B68A9A5-B36A-4986-90E7-E25261E56E5D}"
EndProject
Project("{2150E333-8FDC-42A3-9474-1A3956D46DE8}") = "Server", "Server", "{5BC3D67A-CF07-44B4-89A3-8543295C2D07}"
EndProject
Project("{2150E333-8FDC-42A3-9474-1A3956D46DE8}") = "Test", "Test", "{7A070518-EDF5-4D8C-8054-0E6F0EB68BEC}"
EndProject
Project("{FAE04EC0-301F-11D3-BF4B-00C04F79EFBC}") = "Test", "Test\Test.csproj", "{EA89CC98-24D1-4558-B306-269EB8C946C1}"
EndProject
Project("{2150E333-8FDC-42A3-9474-1A3956D46DE8}") = "Client", "Client", "{637496F2-167E-4711-8F9A-ED04432FE33D}"
EndProject
Project("{FAE04EC0-301F-11D3-BF4B-00C04F79EFBC}") = "Client.Framework", "Client\Client.Framework.csproj", "{7A9033BD-7FFA-A79C-45EB-5386BEB427C4}"
EndProject
Project("{FAE04EC0-301F-11D3-BF4B-00C04F79EFBC}") = "Common.Core", "Common\Common.Core\Common.Core.csproj", "{840C3037-317A-4282-A366-6983BD228A95}"
EndProject
Project("{FAE04EC0-301F-11D3-BF4B-00C04F79EFBC}") = "Common.Tool", "Common\Common.Tool\Common.Tool.csproj", "{40A61446-8EA6-4656-90EE-449AA4FCFD59}"
EndProject
Project("{FAE04EC0-301F-11D3-BF4B-00C04F79EFBC}") = "Common.FrameSync", "Common\Common.FrameSync\Common.FrameSync.csproj", "{726204D6-19D4-4B1C-8E8B-347E5A737B9E}"
EndProject
Project("{FAE04EC0-301F-11D3-BF4B-00C04F79EFBC}") = "Client.Runtime", "Client\Client.Runtime.csproj", "{76B40D62-AC62-20DA-2EFB-C263C3985DAF}"
EndProject
Project("{FAE04EC0-301F-11D3-BF4B-00C04F79EFBC}") = "Assembly-CSharp", "Client\Assembly-CSharp.csproj", "{8441F412-22A4-275F-22E6-507969043F15}"
EndProject
Project("{FAE04EC0-301F-11D3-BF4B-00C04F79EFBC}") = "Assembly-CSharp-Editor", "Client\Assembly-CSharp-Editor.csproj", "{9CF74455-0653-9F90-C855-53D6959D5DFD}"
EndProject
Global
	GlobalSection(SolutionConfigurationPlatforms) = preSolution
		Debug|Any CPU = Debug|Any CPU
		Release|Any CPU = Release|Any CPU
	EndGlobalSection
	GlobalSection(ProjectConfigurationPlatforms) = postSolution
		{C1187369-418A-48FD-ABA4-8F8B537D60A8}.Debug|Any CPU.ActiveCfg = Debug|Any CPU
		{C1187369-418A-48FD-ABA4-8F8B537D60A8}.Debug|Any CPU.Build.0 = Debug|Any CPU
		{C1187369-418A-48FD-ABA4-8F8B537D60A8}.Release|Any CPU.ActiveCfg = Release|Any CPU
		{C1187369-418A-48FD-ABA4-8F8B537D60A8}.Release|Any CPU.Build.0 = Release|Any CPU
		{EA89CC98-24D1-4558-B306-269EB8C946C1}.Debug|Any CPU.ActiveCfg = Debug|Any CPU
		{EA89CC98-24D1-4558-B306-269EB8C946C1}.Debug|Any CPU.Build.0 = Debug|Any CPU
		{EA89CC98-24D1-4558-B306-269EB8C946C1}.Release|Any CPU.ActiveCfg = Release|Any CPU
		{EA89CC98-24D1-4558-B306-269EB8C946C1}.Release|Any CPU.Build.0 = Release|Any CPU
		{7A9033BD-7FFA-A79C-45EB-5386BEB427C4}.Debug|Any CPU.ActiveCfg = Debug|Any CPU
		{7A9033BD-7FFA-A79C-45EB-5386BEB427C4}.Debug|Any CPU.Build.0 = Debug|Any CPU
		{7A9033BD-7FFA-A79C-45EB-5386BEB427C4}.Release|Any CPU.ActiveCfg = Release|Any CPU
		{7A9033BD-7FFA-A79C-45EB-5386BEB427C4}.Release|Any CPU.Build.0 = Release|Any CPU
		{840C3037-317A-4282-A366-6983BD228A95}.Debug|Any CPU.ActiveCfg = Debug|Any CPU
		{840C3037-317A-4282-A366-6983BD228A95}.Debug|Any CPU.Build.0 = Debug|Any CPU
		{840C3037-317A-4282-A366-6983BD228A95}.Release|Any CPU.ActiveCfg = Release|Any CPU
		{840C3037-317A-4282-A366-6983BD228A95}.Release|Any CPU.Build.0 = Release|Any CPU
		{40A61446-8EA6-4656-90EE-449AA4FCFD59}.Debug|Any CPU.ActiveCfg = Debug|Any CPU
		{40A61446-8EA6-4656-90EE-449AA4FCFD59}.Debug|Any CPU.Build.0 = Debug|Any CPU
		{40A61446-8EA6-4656-90EE-449AA4FCFD59}.Release|Any CPU.ActiveCfg = Release|Any CPU
		{40A61446-8EA6-4656-90EE-449AA4FCFD59}.Release|Any CPU.Build.0 = Release|Any CPU
		{726204D6-19D4-4B1C-8E8B-347E5A737B9E}.Debug|Any CPU.ActiveCfg = Debug|Any CPU
		{726204D6-19D4-4B1C-8E8B-347E5A737B9E}.Debug|Any CPU.Build.0 = Debug|Any CPU
		{726204D6-19D4-4B1C-8E8B-347E5A737B9E}.Release|Any CPU.ActiveCfg = Release|Any CPU
		{726204D6-19D4-4B1C-8E8B-347E5A737B9E}.Release|Any CPU.Build.0 = Release|Any CPU
		{76B40D62-AC62-20DA-2EFB-C263C3985DAF}.Debug|Any CPU.ActiveCfg = Debug|Any CPU
		{76B40D62-AC62-20DA-2EFB-C263C3985DAF}.Debug|Any CPU.Build.0 = Debug|Any CPU
		{76B40D62-AC62-20DA-2EFB-C263C3985DAF}.Release|Any CPU.ActiveCfg = Release|Any CPU
		{76B40D62-AC62-20DA-2EFB-C263C3985DAF}.Release|Any CPU.Build.0 = Release|Any CPU
		{8441F412-22A4-275F-22E6-507969043F15}.Debug|Any CPU.ActiveCfg = Debug|Any CPU
		{8441F412-22A4-275F-22E6-507969043F15}.Debug|Any CPU.Build.0 = Debug|Any CPU
		{8441F412-22A4-275F-22E6-507969043F15}.Release|Any CPU.ActiveCfg = Release|Any CPU
		{8441F412-22A4-275F-22E6-507969043F15}.Release|Any CPU.Build.0 = Release|Any CPU
		{9CF74455-0653-9F90-C855-53D6959D5DFD}.Debug|Any CPU.ActiveCfg = Debug|Any CPU
		{9CF74455-0653-9F90-C855-53D6959D5DFD}.Debug|Any CPU.Build.0 = Debug|Any CPU
		{9CF74455-0653-9F90-C855-53D6959D5DFD}.Release|Any CPU.ActiveCfg = Release|Any CPU
		{9CF74455-0653-9F90-C855-53D6959D5DFD}.Release|Any CPU.Build.0 = Release|Any CPU
	EndGlobalSection
	GlobalSection(NestedProjects) = preSolution
		{C1187369-418A-48FD-ABA4-8F8B537D60A8} = {5BC3D67A-CF07-44B4-89A3-8543295C2D07}
		{EA89CC98-24D1-4558-B306-269EB8C946C1} = {7A070518-EDF5-4D8C-8054-0E6F0EB68BEC}
		{7A9033BD-7FFA-A79C-45EB-5386BEB427C4} = {637496F2-167E-4711-8F9A-ED04432FE33D}
		{840C3037-317A-4282-A366-6983BD228A95} = {8B68A9A5-B36A-4986-90E7-E25261E56E5D}
		{40A61446-8EA6-4656-90EE-449AA4FCFD59} = {8B68A9A5-B36A-4986-90E7-E25261E56E5D}
		{726204D6-19D4-4B1C-8E8B-347E5A737B9E} = {8B68A9A5-B36A-4986-90E7-E25261E56E5D}
		{76B40D62-AC62-20DA-2EFB-C263C3985DAF} = {637496F2-167E-4711-8F9A-ED04432FE33D}
		{8441F412-22A4-275F-22E6-507969043F15} = {637496F2-167E-4711-8F9A-ED04432FE33D}
		{9CF74455-0653-9F90-C855-53D6959D5DFD} = {637496F2-167E-4711-8F9A-ED04432FE33D}
	EndGlobalSection
EndGlobal
